{
    "_readme": [
        "This file locks the dependencies of your project to a known state",
        "Read more about it at https://getcomposer.org/doc/01-basic-usage.md#installing-dependencies",
        "This file is @generated automatically"
    ],
    "content-hash": "b7bee9cefca09c5deb9712ad08fe7dca",
    "packages": [
        {
            "name": "waffle-commons/waffle",
            "version": "1.0.0-dev",
            "dist": {
                "type": "path",
                "url": "../waffle",
                "reference": "d3431911afb32270fc5c91200c45c48eb3d1f963"
            },
            "require": {
                "php": "^8.4"
            },
            "require-dev": {
                "carthage-software/mago": "^1.0.0-beta.31",
                "phpunit/phpunit": "^12.0",
                "vimeo/psalm": "^6.13"
            },
            "type": "library",
            "autoload": {
                "psr-4": {
                    "Waffle\\": "src/"
                }
            },
            "autoload-dev": {
                "psr-4": {
                    "WaffleTests\\": "tests/src/",
                    "App\\": "public/app"
                }
            },
            "scripts": {
                "post-install-cmd": [
                    "@post-cmd"
                ],
                "post-update-cmd": [
                    "@post-cmd"
                ],
                "post-cmd": [
                    "mkdir -p var/cache",
                    "chmod -R 777 var/cache"
                ],
                "formatter": [
                    "vendor/bin/mago fmt"
                ],
                "linter": [
                    "vendor/bin/mago lint"
                ],
                "analyzer": [
                    "vendor/bin/mago analyze"
                ],
                "phpunit": [
                    "vendor/bin/phpunit --log-junit var/data/phpunit-coverage/junit.xml --coverage-html var/data/phpunit-coverage"
                ],
                "benchmark": [
                    "Composer\\Config::disableProcessTimeout",
                    "vendor/bin/phpbench run --report=default_report --output=waffle_html --retry-threshold=10"
                ],
                "mago": [
                    "@formatter",
                    "@linter",
                    "@analyzer"
                ],
                "tests": [
                    "@phpunit"
                ],
                "scan": [
                    "@mago",
                    "@tests"
                ]
            },
            "license": [
                "MIT"
            ],
            "authors": [
                {
                    "name": "Leslie Petrimaux",
                    "email": "leslie@eightyfour.ovh"
                }
            ],
            "description": "A modern, minimalist, and security-focused PHP micro-framework.",
            "transport-options": {
                "symlink": true,
                "relative": true
            }
        }
    ],
    "packages-dev": [],
    "aliases": [],
    "minimum-stability": "dev",
    "stability-flags": {
        "waffle-commons/waffle": 20
    },
    "prefer-stable": false,
    "prefer-lowest": false,
    "platform": {
        "php": "^8.4"
    },
    "platform-dev": {},
    "plugin-api-version": "2.6.0"
}
