{
    "_readme": [
        "This file locks the dependencies of your project to a known state",
        "Read more about it at https://getcomposer.org/doc/01-basic-usage.md#installing-dependencies",
        "This file is @generated automatically"
    ],
    "content-hash": "efdae885915ad2ca56f4a3181c1ef4fb",
    "packages": [
        {
            "name": "psr/cache",
            "version": "dev-master",
            "source": {
                "type": "git",
                "url": "https://github.com/php-fig/cache.git",
                "reference": "588d5ff7035e78cd4f69eb798890749ac4641b30"
            },
            "dist": {
                "type": "zip",
                "url": "https://api.github.com/repos/php-fig/cache/zipball/588d5ff7035e78cd4f69eb798890749ac4641b30",
                "reference": "588d5ff7035e78cd4f69eb798890749ac4641b30",
                "shasum": ""
            },
            "require": {
                "php": ">=8.0.0"
            },
            "suggest": {
                "fig/cache-util": "Provides some useful PSR-6 utilities"
            },
            "default-branch": true,
            "type": "library",
            "extra": {
                "branch-alias": {
                    "dev-master": "3.0.x-dev"
                }
            },
            "autoload": {
                "psr-4": {
                    "Psr\\Cache\\": "src/"
                }
            },
            "notification-url": "https://packagist.org/downloads/",
            "license": [
                "MIT"
            ],
            "authors": [
                {
                    "name": "PHP-FIG",
                    "homepage": "https://www.php-fig.org/"
                }
            ],
            "description": "Common interface for caching libraries",
            "keywords": [
                "cache",
                "psr",
                "psr-6"
            ],
            "support": {
                "source": "https://github.com/php-fig/cache"
            },
            "time": "2025-04-11T19:21:12+00:00"
        },
        {
            "name": "psr/container",
            "version": "dev-master",
            "source": {
                "type": "git",
                "url": "https://github.com/php-fig/container.git",
                "reference": "707984727bd5b2b670e59559d3ed2500240cf875"
            },
            "dist": {
                "type": "zip",
                "url": "https://api.github.com/repos/php-fig/container/zipball/707984727bd5b2b670e59559d3ed2500240cf875",
                "reference": "707984727bd5b2b670e59559d3ed2500240cf875",
                "shasum": ""
            },
            "require": {
                "php": ">=7.4.0"
            },
            "default-branch": true,
            "type": "library",
            "extra": {
                "branch-alias": {
                    "dev-master": "2.0.x-dev"
                }
            },
            "autoload": {
                "psr-4": {
                    "Psr\\Container\\": "src/"
                }
            },
            "notification-url": "https://packagist.org/downloads/",
            "license": [
                "MIT"
            ],
            "authors": [
                {
                    "name": "PHP-FIG",
                    "homepage": "https://www.php-fig.org/"
                }
            ],
            "description": "Common Container Interface (PHP FIG PSR-11)",
            "homepage": "https://github.com/php-fig/container",
            "keywords": [
                "PSR-11",
                "container",
                "container-interface",
                "container-interop",
                "psr"
            ],
            "support": {
                "issues": "https://github.com/php-fig/container/issues",
                "source": "https://github.com/php-fig/container"
            },
            "time": "2023-09-22T11:11:30+00:00"
        },
        {
            "name": "psr/event-dispatcher",
            "version": "dev-master",
            "source": {
                "type": "git",
                "url": "https://github.com/php-fig/event-dispatcher.git",
                "reference": "bbd9eacc080d33861e5b5c75b3b8c4d7e6d01874"
            },
            "dist": {
                "type": "zip",
                "url": "https://api.github.com/repos/php-fig/event-dispatcher/zipball/bbd9eacc080d33861e5b5c75b3b8c4d7e6d01874",
                "reference": "bbd9eacc080d33861e5b5c75b3b8c4d7e6d01874",
                "shasum": ""
            },
            "require": {
                "php": ">=7.2.0"
            },
            "suggest": {
                "fig/event-dispatcher-util": "Provides some useful PSR-14 utilities"
            },
            "default-branch": true,
            "type": "library",
            "extra": {
                "branch-alias": {
                    "dev-master": "1.0.x-dev"
                }
            },
            "autoload": {
                "psr-4": {
                    "Psr\\EventDispatcher\\": "src/"
                }
            },
            "notification-url": "https://packagist.org/downloads/",
            "license": [
                "MIT"
            ],
            "authors": [
                {
                    "name": "PHP-FIG",
                    "homepage": "https://www.php-fig.org/"
                }
            ],
            "description": "Standard interfaces for event handling.",
            "keywords": [
                "events",
                "psr",
                "psr-14"
            ],
            "support": {
                "source": "https://github.com/php-fig/event-dispatcher"
            },
            "time": "2024-03-17T21:29:03+00:00"
        },
        {
            "name": "psr/http-factory",
            "version": "1.1.0",
            "source": {
                "type": "git",
                "url": "https://github.com/php-fig/http-factory.git",
                "reference": "2b4765fddfe3b508ac62f829e852b1501d3f6e8a"
            },
            "dist": {
                "type": "zip",
                "url": "https://api.github.com/repos/php-fig/http-factory/zipball/2b4765fddfe3b508ac62f829e852b1501d3f6e8a",
                "reference": "2b4765fddfe3b508ac62f829e852b1501d3f6e8a",
                "shasum": ""
            },
            "require": {
                "php": ">=7.1",
                "psr/http-message": "^1.0 || ^2.0"
            },
            "type": "library",
            "extra": {
                "branch-alias": {
                    "dev-master": "1.0.x-dev"
                }
            },
            "autoload": {
                "psr-4": {
                    "Psr\\Http\\Message\\": "src/"
                }
            },
            "notification-url": "https://packagist.org/downloads/",
            "license": [
                "MIT"
            ],
            "authors": [
                {
                    "name": "PHP-FIG",
                    "homepage": "https://www.php-fig.org/"
                }
            ],
            "description": "PSR-17: Common interfaces for PSR-7 HTTP message factories",
            "keywords": [
                "factory",
                "http",
                "message",
                "psr",
                "psr-17",
                "psr-7",
                "request",
                "response"
            ],
            "support": {
                "source": "https://github.com/php-fig/http-factory"
            },
            "time": "2024-04-15T12:06:14+00:00"
        },
        {
            "name": "psr/http-message",
            "version": "dev-master",
            "source": {
                "type": "git",
                "url": "https://github.com/php-fig/http-message.git",
                "reference": "402d35bcb92c70c026d1a6a9883f06b2ead23d71"
            },
            "dist": {
                "type": "zip",
                "url": "https://api.github.com/repos/php-fig/http-message/zipball/402d35bcb92c70c026d1a6a9883f06b2ead23d71",
                "reference": "402d35bcb92c70c026d1a6a9883f06b2ead23d71",
                "shasum": ""
            },
            "require": {
                "php": "^7.2 || ^8.0"
            },
            "default-branch": true,
            "type": "library",
            "extra": {
                "branch-alias": {
                    "dev-master": "2.0.x-dev"
                }
            },
            "autoload": {
                "psr-4": {
                    "Psr\\Http\\Message\\": "src/"
                }
            },
            "notification-url": "https://packagist.org/downloads/",
            "license": [
                "MIT"
            ],
            "authors": [
                {
                    "name": "PHP-FIG",
                    "homepage": "https://www.php-fig.org/"
                }
            ],
            "description": "Common interface for HTTP messages",
            "homepage": "https://github.com/php-fig/http-message",
            "keywords": [
                "http",
                "http-message",
                "psr",
                "psr-7",
                "request",
                "response"
            ],
            "support": {
                "source": "https://github.com/php-fig/http-message/tree/2.0"
            },
            "time": "2023-04-04T09:54:51+00:00"
        },
        {
            "name": "psr/http-server-handler",
            "version": "dev-master",
            "source": {
                "type": "git",
                "url": "https://github.com/php-fig/http-server-handler.git",
                "reference": "13403d43196ab3382d0a4ca28be32984282641f9"
            },
            "dist": {
                "type": "zip",
                "url": "https://api.github.com/repos/php-fig/http-server-handler/zipball/13403d43196ab3382d0a4ca28be32984282641f9",
                "reference": "13403d43196ab3382d0a4ca28be32984282641f9",
                "shasum": ""
            },
            "require": {
                "php": ">=7.0",
                "psr/http-message": "^1.0 || ^2.0"
            },
            "default-branch": true,
            "type": "library",
            "extra": {
                "branch-alias": {
                    "dev-master": "1.0.x-dev"
                }
            },
            "autoload": {
                "psr-4": {
                    "Psr\\Http\\Server\\": "src/"
                }
            },
            "notification-url": "https://packagist.org/downloads/",
            "license": [
                "MIT"
            ],
            "authors": [
                {
                    "name": "PHP-FIG",
                    "homepage": "https://www.php-fig.org/"
                }
            ],
            "description": "Common interface for HTTP server-side request handler",
            "keywords": [
                "handler",
                "http",
                "http-interop",
                "psr",
                "psr-15",
                "psr-7",
                "request",
                "response",
                "server"
            ],
            "support": {
                "source": "https://github.com/php-fig/http-server-handler"
            },
            "time": "2023-11-16T18:17:39+00:00"
        },
        {
            "name": "psr/http-server-middleware",
            "version": "dev-master",
            "source": {
                "type": "git",
                "url": "https://github.com/php-fig/http-server-middleware.git",
                "reference": "459eeb7efeae55b4102a951c4ecc93a11ce58d0f"
            },
            "dist": {
                "type": "zip",
                "url": "https://api.github.com/repos/php-fig/http-server-middleware/zipball/459eeb7efeae55b4102a951c4ecc93a11ce58d0f",
                "reference": "459eeb7efeae55b4102a951c4ecc93a11ce58d0f",
                "shasum": ""
            },
            "require": {
                "php": ">=7.0",
                "psr/http-message": "^1.0 || ^2.0",
                "psr/http-server-handler": "^1.0"
            },
            "default-branch": true,
            "type": "library",
            "extra": {
                "branch-alias": {
                    "dev-master": "1.0.x-dev"
                }
            },
            "autoload": {
                "psr-4": {
                    "Psr\\Http\\Server\\": "src/"
                }
            },
            "notification-url": "https://packagist.org/downloads/",
            "license": [
                "MIT"
            ],
            "authors": [
                {
                    "name": "PHP-FIG",
                    "homepage": "https://www.php-fig.org/"
                }
            ],
            "description": "Common interface for HTTP server-side middleware",
            "keywords": [
                "http",
                "http-interop",
                "middleware",
                "psr",
                "psr-15",
                "psr-7",
                "request",
                "response"
            ],
            "support": {
                "issues": "https://github.com/php-fig/http-server-middleware/issues",
                "source": "https://github.com/php-fig/http-server-middleware"
            },
            "time": "2023-09-22T11:17:21+00:00"
        },
        {
            "name": "psr/log",
            "version": "dev-master",
            "source": {
                "type": "git",
                "url": "https://github.com/php-fig/log.git",
                "reference": "f16e1d5863e37f8d8c2a01719f5b34baa2b714d3"
            },
            "dist": {
                "type": "zip",
                "url": "https://api.github.com/repos/php-fig/log/zipball/f16e1d5863e37f8d8c2a01719f5b34baa2b714d3",
                "reference": "f16e1d5863e37f8d8c2a01719f5b34baa2b714d3",
                "shasum": ""
            },
            "require": {
                "php": ">=8.0.0"
            },
            "default-branch": true,
            "type": "library",
            "extra": {
                "branch-alias": {
                    "dev-master": "3.x-dev"
                }
            },
            "autoload": {
                "psr-4": {
                    "Psr\\Log\\": "src"
                }
            },
            "notification-url": "https://packagist.org/downloads/",
            "license": [
                "MIT"
            ],
            "authors": [
                {
                    "name": "PHP-FIG",
                    "homepage": "https://www.php-fig.org/"
                }
            ],
            "description": "Common interface for logging libraries",
            "homepage": "https://github.com/php-fig/log",
            "keywords": [
                "log",
                "psr",
                "psr-3"
            ],
            "support": {
                "source": "https://github.com/php-fig/log/tree/3.0.2"
            },
            "time": "2024-09-11T13:17:53+00:00"
        },
        {
            "name": "waffle-commons/config",
            "version": "1.0.0-dev",
            "dist": {
                "type": "path",
                "url": "../config",
                "reference": "514d8a604ea0cb5979c8b71236e488010dbe4b1e"
            },
            "require": {
                "ext-yaml": "*",
                "php": "^8.5",
                "waffle-commons/contracts": "self.version"
            },
            "require-dev": {
                "carthage-software/mago": "^1.0.0-beta.31",
                "php-mock/php-mock-phpunit": "^2.13",
                "phpunit/phpunit": "^12.0",
                "vimeo/psalm": "^6.13"
            },
            "type": "library",
            "autoload": {
                "psr-4": {
                    "Waffle\\Commons\\Config\\": "src/"
                }
            },
            "autoload-dev": {
                "psr-4": {
                    "WaffleTests\\Commons\\Config\\": "tests/src/"
                }
            },
            "scripts": {
                "formatter": [
                    "vendor/bin/mago fmt"
                ],
                "linter": [
                    "vendor/bin/mago lint"
                ],
                "analyzer": [
                    "vendor/bin/mago analyze"
                ],
                "phpunit": [
                    "vendor/bin/phpunit --log-junit var/data/phpunit-coverage/junit.xml --coverage-html var/data/phpunit-coverage"
                ],
                "benchmark": [
                    "Composer\\Config::disableProcessTimeout",
                    "vendor/bin/phpbench run --report=default_report --output=waffle_html --retry-threshold=10"
                ],
                "mago": [
                    "@formatter",
                    "@linter",
                    "@analyzer"
                ],
                "tests": [
                    "@phpunit"
                ],
                "scan": [
                    "@mago",
                    "@tests"
                ],
                "ci": [
                    "@mago",
                    "@tests",
                    "composer audit",
                    "vendor/bin/psalm --taint-analysis"
                ]
            },
            "license": [
                "MIT"
            ],
            "authors": [
                {
                    "name": "Leslie Petrimaux",
                    "email": "contact@waffle-commons.cloud"
                }
            ],
            "description": "Config component for Waffle framework.",
            "transport-options": {
                "symlink": true,
                "relative": true
            }
        },
        {
            "name": "waffle-commons/container",
            "version": "1.0.0-dev",
            "dist": {
                "type": "path",
                "url": "../container",
                "reference": "4284144caf3aa1acf9ef226ff8921870fbe8a4d8"
            },
            "require": {
                "php": "^8.5",
                "psr/container": "^2.0",
                "waffle-commons/contracts": "self.version"
            },
            "require-dev": {
                "carthage-software/mago": "^1.0.0-beta.31",
                "php-mock/php-mock-phpunit": "^2.13",
                "phpunit/phpunit": "^12.0",
                "vimeo/psalm": "^6.13"
            },
            "type": "library",
            "autoload": {
                "psr-4": {
                    "Waffle\\Commons\\Container\\": "src/"
                }
            },
            "autoload-dev": {
                "psr-4": {
                    "WaffleTests\\Commons\\Container\\": "tests/src/"
                }
            },
            "scripts": {
                "formatter": [
                    "vendor/bin/mago fmt"
                ],
                "linter": [
                    "vendor/bin/mago lint"
                ],
                "analyzer": [
                    "vendor/bin/mago analyze"
                ],
                "phpunit": [
                    "vendor/bin/phpunit --log-junit var/data/phpunit-coverage/junit.xml --coverage-html var/data/phpunit-coverage"
                ],
                "benchmark": [
                    "Composer\\Config::disableProcessTimeout",
                    "vendor/bin/phpbench run --report=default_report --output=waffle_html --retry-threshold=10"
                ],
                "mago": [
                    "@formatter",
                    "@linter",
                    "@analyzer"
                ],
                "tests": [
                    "@phpunit"
                ],
                "scan": [
                    "@mago",
                    "@tests"
                ],
                "ci": [
                    "@mago",
                    "@tests",
                    "composer audit",
                    "vendor/bin/psalm --taint-analysis"
                ]
            },
            "license": [
                "MIT"
            ],
            "authors": [
                {
                    "name": "Leslie Petrimaux",
                    "email": "contact@waffle-commons.cloud"
                }
            ],
            "description": "Container component for Waffle framework.",
            "transport-options": {
                "symlink": true,
                "relative": true
            }
        },
        {
            "name": "waffle-commons/contracts",
            "version": "1.0.0-dev",
            "dist": {
                "type": "path",
                "url": "../contracts",
                "reference": "99db10f4492be568820fa291d57a51d54d8eb1fb"
            },
            "require": {
                "php": "^8.5",
                "psr/cache": "^3.0",
                "psr/container": "^2.0",
                "psr/event-dispatcher": "^1.0",
                "psr/http-message": "^1.1 || ^2.0",
                "psr/http-server-handler": "^1.0",
                "psr/log": "^3.0"
            },
            "require-dev": {
                "carthage-software/mago": "^1.0.0-beta.31",
                "php-mock/php-mock-phpunit": "^2.13",
                "phpunit/phpunit": "^12.0",
                "vimeo/psalm": "^6.13"
            },
            "type": "library",
            "autoload": {
                "psr-4": {
                    "Waffle\\Commons\\Contracts\\": "src/"
                }
            },
            "autoload-dev": {
                "psr-4": {
                    "WaffleTests\\Commons\\Contracts\\": "tests/src/"
                }
            },
            "scripts": {
                "formatter": [
                    "vendor/bin/mago fmt"
                ],
                "linter": [
                    "vendor/bin/mago lint"
                ],
                "analyzer": [
                    "vendor/bin/mago analyze"
                ],
                "phpunit": [
                    "vendor/bin/phpunit --log-junit var/data/phpunit-coverage/junit.xml --coverage-html var/data/phpunit-coverage"
                ],
                "benchmark": [
                    "Composer\\Config::disableProcessTimeout",
                    "vendor/bin/phpbench run --report=default_report --output=waffle_html --retry-threshold=10"
                ],
                "mago": [
                    "@formatter",
                    "@linter",
                    "@analyzer"
                ],
                "tests": [
                    "@phpunit"
                ],
                "scan": [
                    "@mago",
                    "@tests"
                ],
                "ci": [
                    "@mago",
                    "@tests",
                    "composer audit",
                    "vendor/bin/psalm --taint-analysis"
                ]
            },
            "license": [
                "MIT"
            ],
            "authors": [
                {
                    "name": "Leslie Petrimaux",
                    "email": "contact@waffle-commons.cloud"
                }
            ],
            "description": "Contracts component for Waffle framework.",
            "transport-options": {
                "symlink": true,
                "relative": true
            }
        },
        {
            "name": "waffle-commons/http",
            "version": "1.0.0-dev",
            "dist": {
                "type": "path",
                "url": "../http",
                "reference": "c06973be4449b638ba278345738aabfbb44476ed"
            },
            "require": {
                "php": "^8.5",
                "psr/http-factory": "^1.1",
                "psr/http-message": "^2.0",
                "waffle-commons/contracts": "self.version"
            },
            "require-dev": {
                "carthage-software/mago": "^1.0.0-beta.31",
                "php-mock/php-mock-phpunit": "^2.13",
                "phpunit/phpunit": "^12.0",
                "vimeo/psalm": "^6.13"
            },
            "type": "library",
            "autoload": {
                "psr-4": {
                    "Waffle\\Commons\\Http\\": "src/"
                }
            },
            "autoload-dev": {
                "psr-4": {
                    "WaffleTests\\Commons\\Http\\": "tests/src/"
                }
            },
            "scripts": {
                "formatter": [
                    "vendor/bin/mago fmt"
                ],
                "linter": [
                    "vendor/bin/mago lint"
                ],
                "analyzer": [
                    "vendor/bin/mago analyze"
                ],
                "phpunit": [
                    "vendor/bin/phpunit --log-junit var/data/phpunit-coverage/junit.xml --coverage-html var/data/phpunit-coverage"
                ],
                "benchmark": [
                    "Composer\\Config::disableProcessTimeout",
                    "vendor/bin/phpbench run --report=default_report --output=waffle_html --retry-threshold=10"
                ],
                "mago": [
                    "@formatter",
                    "@linter",
                    "@analyzer"
                ],
                "tests": [
                    "@phpunit"
                ],
                "scan": [
                    "@mago",
                    "@tests"
                ],
                "ci": [
                    "@mago",
                    "@tests",
                    "composer audit",
                    "vendor/bin/psalm --taint-analysis"
                ]
            },
            "license": [
                "MIT"
            ],
            "authors": [
                {
                    "name": "Leslie Petrimaux",
                    "email": "contact@waffle-commons.cloud"
                }
            ],
            "description": "Http component for Waffle framework.",
            "transport-options": {
                "symlink": true,
                "relative": true
            }
        },
        {
            "name": "waffle-commons/pipeline",
            "version": "1.0.0-dev",
            "dist": {
                "type": "path",
                "url": "../pipeline",
                "reference": "c11a5aada47d38ef36ff971b193ae9875ff5841f"
            },
            "require": {
                "php": "^8.5",
                "psr/http-server-handler": "^1.0",
                "psr/http-server-middleware": "^1.0",
                "waffle-commons/contracts": "1.0.0-dev"
            },
            "require-dev": {
                "carthage-software/mago": "^1.0.0-beta.31",
                "php-mock/php-mock-phpunit": "^2.13",
                "phpunit/phpunit": "^12.0",
                "vimeo/psalm": "^6.13"
            },
            "type": "library",
            "autoload": {
                "psr-4": {
                    "Waffle\\Commons\\Pipeline\\": "src/"
                }
            },
            "autoload-dev": {
                "psr-4": {
                    "WaffleTests\\Commons\\Pipeline\\": "tests/src/"
                }
            },
            "scripts": {
                "formatter": [
                    "vendor/bin/mago fmt"
                ],
                "linter": [
                    "vendor/bin/mago lint"
                ],
                "analyzer": [
                    "vendor/bin/mago analyze"
                ],
                "phpunit": [
                    "vendor/bin/phpunit --log-junit var/data/phpunit-coverage/junit.xml --coverage-html var/data/phpunit-coverage"
                ],
                "benchmark": [
                    "Composer\\Config::disableProcessTimeout",
                    "vendor/bin/phpbench run --report=default_report --output=waffle_html --retry-threshold=10"
                ],
                "mago": [
                    "@formatter",
                    "@linter",
                    "@analyzer"
                ],
                "tests": [
                    "@phpunit"
                ],
                "scan": [
                    "@mago",
                    "@tests"
                ],
                "ci": [
                    "@mago",
                    "@tests",
                    "composer audit",
                    "vendor/bin/psalm --taint-analysis"
                ]
            },
            "license": [
                "MIT"
            ],
            "authors": [
                {
                    "name": "Leslie Petrimaux",
                    "email": "contact@waffle-commons.cloud"
                }
            ],
            "description": "Pipeline component for Waffle framework.",
            "transport-options": {
                "symlink": true,
                "relative": true
            }
        },
        {
            "name": "waffle-commons/routing",
            "version": "1.0.0-dev",
            "dist": {
                "type": "path",
                "url": "../routing",
                "reference": "fdd8b82ad8d52b5221f3bdd557cd0957d1e93be5"
            },
            "require": {
                "php": "^8.5",
                "psr/http-message": "^2.0",
                "waffle-commons/contracts": "self.version",
                "waffle-commons/utils": "self.version"
            },
            "require-dev": {
                "carthage-software/mago": "^1.0.0-beta.31",
                "php-mock/php-mock-phpunit": "^2.13",
                "phpunit/phpunit": "^12.0",
                "vimeo/psalm": "^6.13"
            },
            "type": "library",
            "autoload": {
                "psr-4": {
                    "Waffle\\Commons\\Routing\\": "src/"
                }
            },
            "autoload-dev": {
                "psr-4": {
                    "WaffleTests\\Commons\\Routing\\": "tests/src/"
                }
            },
            "scripts": {
                "formatter": [
                    "vendor/bin/mago fmt"
                ],
                "linter": [
                    "vendor/bin/mago lint"
                ],
                "analyzer": [
                    "vendor/bin/mago analyze"
                ],
                "phpunit": [
                    "vendor/bin/phpunit --log-junit var/data/phpunit-coverage/junit.xml --coverage-html var/data/phpunit-coverage"
                ],
                "benchmark": [
                    "Composer\\Config::disableProcessTimeout",
                    "vendor/bin/phpbench run --report=default_report --output=waffle_html --retry-threshold=10"
                ],
                "mago": [
                    "@formatter",
                    "@linter",
                    "@analyzer"
                ],
                "tests": [
                    "@phpunit"
                ],
                "scan": [
                    "@mago",
                    "@tests"
                ],
                "ci": [
                    "@mago",
                    "@tests",
                    "composer audit",
                    "vendor/bin/psalm --taint-analysis"
                ]
            },
            "license": [
                "MIT"
            ],
            "authors": [
                {
                    "name": "Leslie Petrimaux",
                    "email": "contact@waffle-commons.cloud"
                }
            ],
            "description": "Routing component for Waffle framework.",
            "transport-options": {
                "symlink": true,
                "relative": true
            }
        },
        {
            "name": "waffle-commons/runtime",
            "version": "1.0.0-dev",
            "dist": {
                "type": "path",
                "url": "../runtime",
                "reference": "c5a3f9193f262bf97caf00a77cb2aea75f1fbe7d"
            },
            "require": {
                "php": "^8.5",
                "psr/container": "^2.0",
                "psr/http-message": "^1.1 || ^2.0",
                "waffle-commons/contracts": "self.version"
            },
            "require-dev": {
                "carthage-software/mago": "^1.0.0-beta.31",
                "php-mock/php-mock-phpunit": "^2.13",
                "phpunit/phpunit": "^12.0",
                "vimeo/psalm": "^6.13"
            },
            "type": "library",
            "autoload": {
                "psr-4": {
                    "Waffle\\Commons\\Runtime\\": "src/"
                }
            },
            "autoload-dev": {
                "psr-4": {
                    "WaffleTests\\Commons\\Runtime\\": "tests/src/"
                }
            },
            "scripts": {
                "formatter": [
                    "vendor/bin/mago fmt"
                ],
                "linter": [
                    "vendor/bin/mago lint"
                ],
                "analyzer": [
                    "vendor/bin/mago analyze"
                ],
                "phpunit": [
                    "vendor/bin/phpunit --log-junit var/data/phpunit-coverage/junit.xml --coverage-html var/data/phpunit-coverage"
                ],
                "benchmark": [
                    "Composer\\Config::disableProcessTimeout",
                    "vendor/bin/phpbench run --report=default_report --output=waffle_html --retry-threshold=10"
                ],
                "mago": [
                    "@formatter",
                    "@linter",
                    "@analyzer"
                ],
                "tests": [
                    "@phpunit"
                ],
                "scan": [
                    "@mago",
                    "@tests"
                ],
                "ci": [
                    "@mago",
                    "@tests",
                    "composer audit",
                    "vendor/bin/psalm --taint-analysis"
                ]
            },
            "license": [
                "MIT"
            ],
            "authors": [
                {
                    "name": "Leslie Petrimaux",
                    "email": "contact@waffle-commons.cloud"
                }
            ],
            "description": "Runtime component for Waffle framework.",
            "transport-options": {
                "symlink": true,
                "relative": true
            }
        },
        {
            "name": "waffle-commons/security",
            "version": "1.0.0-dev",
            "dist": {
                "type": "path",
                "url": "../security",
                "reference": "e6d51bb0b8831971d14c09e36f619aeb83b848a0"
            },
            "require": {
                "php": "^8.5",
                "psr/container": "^2.0",
                "waffle-commons/contracts": "self.version",
                "waffle-commons/utils": "self.version"
            },
            "require-dev": {
                "carthage-software/mago": "^1.0.0-beta.31",
                "php-mock/php-mock-phpunit": "^2.13",
                "phpunit/phpunit": "^12.0",
                "vimeo/psalm": "^6.13"
            },
            "type": "library",
            "autoload": {
                "psr-4": {
                    "Waffle\\Commons\\Security\\": "src/"
                }
            },
            "autoload-dev": {
                "psr-4": {
                    "WaffleTests\\Commons\\Security\\": "tests/src/"
                }
            },
            "scripts": {
                "formatter": [
                    "vendor/bin/mago fmt"
                ],
                "linter": [
                    "vendor/bin/mago lint"
                ],
                "analyzer": [
                    "vendor/bin/mago analyze"
                ],
                "phpunit": [
                    "vendor/bin/phpunit --log-junit var/data/phpunit-coverage/junit.xml --coverage-html var/data/phpunit-coverage"
                ],
                "benchmark": [
                    "Composer\\Config::disableProcessTimeout",
                    "vendor/bin/phpbench run --report=default_report --output=waffle_html --retry-threshold=10"
                ],
                "mago": [
                    "@formatter",
                    "@linter",
                    "@analyzer"
                ],
                "tests": [
                    "@phpunit"
                ],
                "scan": [
                    "@mago",
                    "@tests"
                ],
                "ci": [
                    "@mago",
                    "@tests",
                    "composer audit",
                    "vendor/bin/psalm --taint-analysis"
                ]
            },
            "license": [
                "MIT"
            ],
            "authors": [
                {
                    "name": "Leslie Petrimaux",
                    "email": "contact@waffle-commons.cloud"
                }
            ],
            "description": "Security component for Waffle framework.",
            "transport-options": {
                "symlink": true,
                "relative": true
            }
        },
        {
            "name": "waffle-commons/utils",
            "version": "1.0.0-dev",
            "dist": {
                "type": "path",
                "url": "../utils",
                "reference": "579460b5b0b410cb2536806b26b3bcc167cdf18a"
            },
            "require": {
                "php": "^8.5",
                "waffle-commons/contracts": "1.0.0-dev"
            },
            "require-dev": {
                "carthage-software/mago": "^1.0.0-beta.31",
                "php-mock/php-mock-phpunit": "^2.13",
                "phpunit/phpunit": "^12.0",
                "vimeo/psalm": "^6.13"
            },
            "type": "library",
            "autoload": {
                "psr-4": {
                    "Waffle\\Commons\\Utils\\": "src/"
                }
            },
            "autoload-dev": {
                "psr-4": {
                    "WaffleTests\\Commons\\Utils\\": "tests/src/"
                }
            },
            "scripts": {
                "formatter": [
                    "vendor/bin/mago fmt"
                ],
                "linter": [
                    "vendor/bin/mago lint"
                ],
                "analyzer": [
                    "vendor/bin/mago analyze"
                ],
                "phpunit": [
                    "vendor/bin/phpunit --log-junit var/data/phpunit-coverage/junit.xml --coverage-html var/data/phpunit-coverage"
                ],
                "benchmark": [
                    "Composer\\Config::disableProcessTimeout",
                    "vendor/bin/phpbench run --report=default_report --output=waffle_html --retry-threshold=10"
                ],
                "mago": [
                    "@formatter",
                    "@linter",
                    "@analyzer"
                ],
                "tests": [
                    "@phpunit"
                ],
                "scan": [
                    "@mago",
                    "@tests"
                ],
                "ci": [
                    "@mago",
                    "@tests",
                    "composer audit",
                    "vendor/bin/psalm --taint-analysis"
                ]
            },
            "license": [
                "MIT"
            ],
            "authors": [
                {
                    "name": "Leslie Petrimaux",
                    "email": "contact@waffle-commons.cloud"
                }
            ],
            "description": "Utils component for Waffle framework.",
            "transport-options": {
                "symlink": true,
                "relative": true
            }
        },
        {
            "name": "waffle-commons/waffle",
            "version": "1.0.0-dev",
            "dist": {
                "type": "path",
                "url": "../waffle",
                "reference": "2e2643090d01921cc15d48813b93b694b0bce1fc"
            },
            "require": {
                "php": "^8.5",
                "psr/cache": "^3.0",
                "psr/container": "^2.0",
                "psr/event-dispatcher": "^1.0",
                "psr/http-message": "^1.1 || ^2.0",
                "psr/http-server-handler": "^1.0",
                "psr/log": "^3.0",
                "waffle-commons/contracts": "1.0.0-dev",
                "waffle-commons/utils": "1.0.0-dev"
            },
            "require-dev": {
                "carthage-software/mago": "^1.0.0-beta.31",
                "php-mock/php-mock-phpunit": "^2.13",
                "phpunit/phpunit": "^12.0",
                "vimeo/psalm": "^6.13"
            },
            "type": "library",
            "autoload": {
                "psr-4": {
                    "Waffle\\": "src/"
                }
            },
            "autoload-dev": {
                "psr-4": {
                    "WaffleTests\\": "tests/src/"
                }
            },
            "scripts": {
                "formatter": [
                    "vendor/bin/mago fmt"
                ],
                "linter": [
                    "vendor/bin/mago lint"
                ],
                "analyzer": [
                    "vendor/bin/mago analyze"
                ],
                "phpunit": [
                    "vendor/bin/phpunit --log-junit var/data/phpunit-coverage/junit.xml --coverage-html var/data/phpunit-coverage"
                ],
                "benchmark": [
                    "Composer\\Config::disableProcessTimeout",
                    "vendor/bin/phpbench run --report=default_report --output=waffle_html --retry-threshold=10"
                ],
                "mago": [
                    "@formatter",
                    "@linter",
                    "@analyzer"
                ],
                "tests": [
                    "@phpunit"
                ],
                "scan": [
                    "@mago",
                    "@tests"
                ],
                "ci": [
                    "@mago",
                    "@tests",
                    "composer audit",
                    "vendor/bin/psalm --taint-analysis"
                ]
            },
            "license": [
                "MIT"
            ],
            "authors": [
                {
                    "name": "Leslie Petrimaux",
                    "email": "contact@waffle-commons.cloud"
                }
            ],
            "description": "A modern, minimalist, and security-focused PHP micro-framework.",
            "transport-options": {
                "symlink": true,
                "relative": true
            }
        }
    ],
    "packages-dev": [],
    "aliases": [],
    "minimum-stability": "dev",
    "stability-flags": {
        "waffle-commons/config": 20,
        "waffle-commons/container": 20,
        "waffle-commons/contracts": 20,
        "waffle-commons/http": 20,
        "waffle-commons/pipeline": 20,
        "waffle-commons/routing": 20,
        "waffle-commons/runtime": 20,
        "waffle-commons/security": 20,
        "waffle-commons/utils": 20,
        "waffle-commons/waffle": 20
    },
    "prefer-stable": false,
    "prefer-lowest": false,
    "platform": {
        "php": "^8.5",
        "ext-yaml": "*"
    },
    "platform-dev": {},
    "plugin-api-version": "2.9.0"
}
